
Microsoft Visual Studio Solution File, Format Version 12.00
# Visual Studio Version 16
VisualStudioVersion = 16.0.31613.86
MinimumVisualStudioVersion = 10.0.40219.1
Project("{FAE04EC0-301F-11D3-BF4B-00C04F79EFBC}") = "HashTableCollectionDemo", "HashTableCollectionDemo.csproj", "{1A22E303-7BFA-486E-83FE-1BF2A1B9F7FB}"
EndProject
Global
	GlobalSection(SolutionConfigurationPlatforms) = preSolution
		Debug|Any CPU = Debug|Any CPU
		Release|Any CPU = Release|Any CPU
	EndGlobalSection
	GlobalSection(ProjectConfigurationPlatforms) = postSolution
		{1A22E303-7BFA-486E-83FE-1BF2A1B9F7FB}.Debug|Any CPU.ActiveCfg = Debug|Any CPU
		{1A22E303-7BFA-486E-83FE-1BF2A1B9F7FB}.Debug|Any CPU.Build.0 = Debug|Any CPU
		{1A22E303-7BFA-486E-83FE-1BF2A1B9F7FB}.Release|Any CPU.ActiveCfg = Release|Any CPU
		{1A22E303-7BFA-486E-83FE-1BF2A1B9F7FB}.Release|Any CPU.Build.0 = Release|Any CPU
	EndGlobalSection
	GlobalSection(SolutionProperties) = preSolution
		HideSolutionNode = FALSE
	EndGlobalSection
	GlobalSection(ExtensibilityGlobals) = postSolution
		SolutionGuid = {FCA330F9-B349-4862-8515-068DAA8E7467}
	EndGlobalSection
EndGlobal
